
Microsoft Visual Studio Solution File, Format Version 12.00
# Visual Studio Version 16
VisualStudioVersion = 16.0.31729.503
MinimumVisualStudioVersion = 10.0.40219.1
Project("{FAE04EC0-301F-11D3-BF4B-00C04F79EFBC}") = "azure_demo", "azure_demo\azure_demo.csproj", "{4BA033D6-2ED8-42DF-84F6-EBFCF2BC8B0A}"
EndProject
Global
	GlobalSection(SolutionConfigurationPlatforms) = preSolution
		Debug|Any CPU = Debug|Any CPU
		Release|Any CPU = Release|Any CPU
	EndGlobalSection
	GlobalSection(ProjectConfigurationPlatforms) = postSolution
		{4BA033D6-2ED8-42DF-84F6-EBFCF2BC8B0A}.Debug|Any CPU.ActiveCfg = Debug|Any CPU
		{4BA033D6-2ED8-42DF-84F6-EBFCF2BC8B0A}.Debug|Any CPU.Build.0 = Debug|Any CPU
		{4BA033D6-2ED8-42DF-84F6-EBFCF2BC8B0A}.Release|Any CPU.ActiveCfg = Release|Any CPU
		{4BA033D6-2ED8-42DF-84F6-EBFCF2BC8B0A}.Release|Any CPU.Build.0 = Release|Any CPU
	EndGlobalSection
	GlobalSection(SolutionProperties) = preSolution
		HideSolutionNode = FALSE
	EndGlobalSection
	GlobalSection(ExtensibilityGlobals) = postSolution
		SolutionGuid = {F4A2F69B-8B0B-431D-A00F-49F6B8AB216E}
	EndGlobalSection
EndGlobal
