
Microsoft Visual Studio Solution File, Format Version 12.00
# Visual Studio Version 16
VisualStudioVersion = 16.0.31729.503
MinimumVisualStudioVersion = 10.0.40219.1
Project("{FAE04EC0-301F-11D3-BF4B-00C04F79EFBC}") = "app1", "app1\app1.csproj", "{55F19AC7-4B2A-4EE7-A26F-A407377C8C32}"
EndProject
Global
	GlobalSection(SolutionConfigurationPlatforms) = preSolution
		Debug|Any CPU = Debug|Any CPU
		Release|Any CPU = Release|Any CPU
	EndGlobalSection
	GlobalSection(ProjectConfigurationPlatforms) = postSolution
		{55F19AC7-4B2A-4EE7-A26F-A407377C8C32}.Debug|Any CPU.ActiveCfg = Debug|Any CPU
		{55F19AC7-4B2A-4EE7-A26F-A407377C8C32}.Debug|Any CPU.Build.0 = Debug|Any CPU
		{55F19AC7-4B2A-4EE7-A26F-A407377C8C32}.Release|Any CPU.ActiveCfg = Release|Any CPU
		{55F19AC7-4B2A-4EE7-A26F-A407377C8C32}.Release|Any CPU.Build.0 = Release|Any CPU
	EndGlobalSection
	GlobalSection(SolutionProperties) = preSolution
		HideSolutionNode = FALSE
	EndGlobalSection
	GlobalSection(ExtensibilityGlobals) = postSolution
		SolutionGuid = {6D2EEF60-0AA0-4531-99F3-42DF44DC8483}
	EndGlobalSection
EndGlobal
